<?xml version="1.0" encoding="utf-8"?>
<Project ToolsVersion="4.0" xmlns="http://schemas.microsoft.com/developer/msbuild/2003">
  <ItemGroup>
    <Filter Include="Source Files">
      <UniqueIdentifier>{4FC737F1-C7A5-4376-A066-2A32D752A2FF}</UniqueIdentifier>
      <Extensions>cpp;c;cc;cxx;def;odl;idl;hpj;bat;asm;asmx</Extensions>
    </Filter>
    <Filter Include="Source Files\Util">
      <UniqueIdentifier>{28787196-cd60-4eb5-8874-fd7266c9fff1}</UniqueIdentifier>
    </Filter>
    <Filter Include="Source Files\Shaders">
      <UniqueIdentifier>{9e26cdf2-7431-4e39-b9d7-a32fc4273b50}</UniqueIdentifier>
    </Filter>
    <Filter Include="Source Files\World">
      <UniqueIdentifier>{81eaebc3-c0ed-4774-9d21-9e43de021d05}</UniqueIdentifier>
    </Filter>
    <Filter Include="Source Files\Actors">
      <UniqueIdentifier>{78646391-3c94-4e2e-8576-7e50a684b6fc}</UniqueIdentifier>
    </Filter>
    <Filter Include="Source Files\Camera">
      <UniqueIdentifier>{1d8035c4-0268-4906-b4f6-836e3eb78727}</UniqueIdentifier>
    </Filter>
  </ItemGroup>
  <ItemGroup>
    <ClCompile Include="..\Source\main.cpp">
      <Filter>Source Files</Filter>
    </ClCompile>
    <ClCompile Include="..\Source\Util\InputManager.cpp">
      <Filter>Source Files\Util</Filter>
    </ClCompile>
    <ClCompile Include="..\Source\Util\WindowManager.cpp">
      <Filter>Source Files\Util</Filter>
    </ClCompile>
    <ClCompile Include="..\Source\Util\GameTime.cpp">
      <Filter>Source Files\Util</Filter>
    </ClCompile>
    <ClCompile Include="..\Source\Util\Renderer.cpp">
      <Filter>Source Files\Util</Filter>
    </ClCompile>
    <ClCompile Include="..\Source\World\Scene.cpp">
      <Filter>Source Files\World</Filter>
    </ClCompile>
    <ClCompile Include="..\Source\Actors\Entity.cpp">
      <Filter>Source Files\Actors</Filter>
    </ClCompile>
    <ClCompile Include="..\Source\Actors\Arwing.cpp">
      <Filter>Source Files\Actors</Filter>
    </ClCompile>
    <ClCompile Include="..\Source\Camera\Camera.cpp">
      <Filter>Source Files\Camera</Filter>
    </ClCompile>
    <ClCompile Include="..\Source\Camera\ThirdPersonCamera.cpp">
      <Filter>Source Files\Camera</Filter>
    </ClCompile>
  </ItemGroup>
  <ItemGroup>
    <ClInclude Include="..\Source\Util\InputManager.h">
      <Filter>Source Files\Util</Filter>
    </ClInclude>
    <ClInclude Include="..\Source\Util\WindowManager.h">
      <Filter>Source Files\Util</Filter>
    </ClInclude>
    <ClInclude Include="..\Source\Util\GameTime.h">
      <Filter>Source Files\Util</Filter>
    </ClInclude>
    <ClInclude Include="..\Source\Util\Renderer.h">
      <Filter>Source Files\Util</Filter>
    </ClInclude>
    <ClInclude Include="..\Source\World\Scene.h">
      <Filter>Source Files\World</Filter>
    </ClInclude>
    <ClInclude Include="..\Source\Actors\Entity.h">
      <Filter>Source Files\Actors</Filter>
    </ClInclude>
    <ClInclude Include="..\Source\Actors\Arwing.h">
      <Filter>Source Files\Actors</Filter>
    </ClInclude>
    <ClInclude Include="..\Source\Camera\Camera.h">
      <Filter>Source Files\Camera</Filter>
    </ClInclude>
    <ClInclude Include="..\Source\Camera\ThirdPersonCamera.h">
      <Filter>Source Files\Camera</Filter>
    </ClInclude>
  </ItemGroup>
  <ItemGroup>
    <None Include="..\Source\Shaders\SolidColor.frag">
      <Filter>Source Files\Shaders</Filter>
    </None>
    <None Include="..\Source\Shaders\SolidColor.vert">
      <Filter>Source Files\Shaders</Filter>
    </None>
    <None Include="..\Source\Shaders\Gouraud.frag">
      <Filter>Source Files\Shaders</Filter>
    </None>
    <None Include="..\Source\Shaders\Gouraud.vert">
      <Filter>Source Files\Shaders</Filter>
    </None>
  </ItemGroup>
</Project>