<?xml version="1.0" encoding="utf-8"?>
<Project ToolsVersion="4.0" xmlns="http://schemas.microsoft.com/developer/msbuild/2003">
  <ItemGroup>
    <Filter Include="Source Files">
      <UniqueIdentifier>{4FC737F1-C7A5-4376-A066-2A32D752A2FF}</UniqueIdentifier>
      <Extensions>cpp;c;cc;cxx;def;odl;idl;hpj;bat;asm;asmx</Extensions>
    </Filter>
    <Filter Include="Resource Files">
      <UniqueIdentifier>{67DA6AB6-F800-4c08-8B7A-83BB121AAD01}</UniqueIdentifier>
      <Extensions>rc;ico;cur;bmp;dlg;rc2;rct;bin;rgs;gif;jpg;jpeg;jpe;resx;tiff;tif;png;wav;mfcribbon-ms</Extensions>
    </Filter>
    <Filter Include="Source Files\Util">
      <UniqueIdentifier>{28787196-cd60-4eb5-8874-fd7266c9fff1}</UniqueIdentifier>
    </Filter>
    <Filter Include="Source Files\Shaders">
      <UniqueIdentifier>{9e26cdf2-7431-4e39-b9d7-a32fc4273b50}</UniqueIdentifier>
    </Filter>
    <Filter Include="Source Files\World">
      <UniqueIdentifier>{81eaebc3-c0ed-4774-9d21-9e43de021d05}</UniqueIdentifier>
    </Filter>
    <Filter Include="Source Files\Camera">
      <UniqueIdentifier>{aef53197-b742-442d-bd7b-6237942bf20f}</UniqueIdentifier>
    </Filter>
    <Filter Include="Source Files\Actors">
      <UniqueIdentifier>{78646391-3c94-4e2e-8576-7e50a684b6fc}</UniqueIdentifier>
    </Filter>
    <Filter Include="Source Files\Actors\Geometry">
      <UniqueIdentifier>{17ed15bd-03f2-4944-b172-60a11bac1839}</UniqueIdentifier>
    </Filter>
    <Filter Include="Source Files\Graphics">
      <UniqueIdentifier>{9ad4e223-48cd-43c7-84c4-f7cc0245834b}</UniqueIdentifier>
    </Filter>
    <Filter Include="Source Files\Actors\Player">
      <UniqueIdentifier>{79934daa-4b9a-4ae9-8187-d49405ea46ae}</UniqueIdentifier>
    </Filter>
    <Filter Include="Source Files\Actors\Doodads">
      <UniqueIdentifier>{08c10566-98a6-4431-9a43-6ed5d5ea10d5}</UniqueIdentifier>
    </Filter>
    <Filter Include="Source Files\Actors\Enemy">
      <UniqueIdentifier>{eb0f23ec-ada4-4169-8c44-c0ce6b9940b4}</UniqueIdentifier>
    </Filter>
    <Filter Include="Source Files\Physics">
      <UniqueIdentifier>{80ad214f-c0ed-4e09-a385-3c8f5f7f13b3}</UniqueIdentifier>
    </Filter>
    <Filter Include="Source Files\Actors\BuildingArchitecture">
      <UniqueIdentifier>{ad3401ea-814d-4075-8cb2-07fb39c02da0}</UniqueIdentifier>
    </Filter>
  </ItemGroup>
  <ItemGroup>
    <ClCompile Include="..\Source\Util\InputManager.cpp">
      <Filter>Source Files\Util</Filter>
    </ClCompile>
    <ClCompile Include="..\Source\Util\WindowManager.cpp">
      <Filter>Source Files\Util</Filter>
    </ClCompile>
    <ClCompile Include="..\Source\Util\GameTime.cpp">
      <Filter>Source Files\Util</Filter>
    </ClCompile>
    <ClCompile Include="..\Source\Util\Renderer.cpp">
      <Filter>Source Files\Util</Filter>
    </ClCompile>
    <ClCompile Include="..\Source\World\Scene.cpp">
      <Filter>Source Files\World</Filter>
    </ClCompile>
    <ClCompile Include="..\Source\Actors\Entity.cpp">
      <Filter>Source Files\Actors</Filter>
    </ClCompile>
    <ClCompile Include="..\Source\Actors\Geometry\Chunk.cpp">
      <Filter>Source Files\Actors\Geometry</Filter>
    </ClCompile>
    <ClCompile Include="..\Source\Camera\Camera.cpp">
      <Filter>Source Files\Camera</Filter>
    </ClCompile>
    <ClCompile Include="..\Source\Camera\ThirdPersonCamera.cpp">
      <Filter>Source Files\Camera</Filter>
    </ClCompile>
    <ClCompile Include="..\Source\main.cpp">
      <Filter>Source Files</Filter>
    </ClCompile>
    <ClCompile Include="..\Source\Camera\GameplayCamera.cpp">
      <Filter>Source Files\Camera</Filter>
    </ClCompile>
    <ClCompile Include="..\Source\Util\EnemyFactory.cpp">
      <Filter>Source Files\Util</Filter>
    </ClCompile>
    <ClCompile Include="..\Source\Actors\Geometry\Cube.cpp">
      <Filter>Source Files\Actors\Geometry</Filter>
    </ClCompile>
    <ClCompile Include="..\Source\Graphics\Texture.cpp">
      <Filter>Source Files\Graphics</Filter>
    </ClCompile>
    <ClCompile Include="..\Source\Actors\Doodads\PewPew.cpp">
      <Filter>Source Files\Actors\Doodads</Filter>
    </ClCompile>
    <ClCompile Include="..\Source\Actors\Enemy\Enemy.cpp">
      <Filter>Source Files\Actors\Enemy</Filter>
    </ClCompile>
    <ClCompile Include="..\Source\Actors\Player\Arwing.cpp">
      <Filter>Source Files\Actors\Player</Filter>
    </ClCompile>
    <ClCompile Include="..\Source\Physics\Physics.cpp">
      <Filter>Source Files\Physics</Filter>
    </ClCompile>
    <ClCompile Include="..\Source\Actors\BuildingArchitecture\BuildingFactory.cpp">
      <Filter>Source Files\Actors\BuildingArchitecture</Filter>
    </ClCompile>
  </ItemGroup>
  <ItemGroup>
    <ClInclude Include="..\Source\Util\InputManager.h">
      <Filter>Source Files\Util</Filter>
    </ClInclude>
    <ClInclude Include="..\Source\Util\WindowManager.h">
      <Filter>Source Files\Util</Filter>
    </ClInclude>
    <ClInclude Include="..\Source\Util\GameTime.h">
      <Filter>Source Files\Util</Filter>
    </ClInclude>
    <ClInclude Include="..\Source\Util\Renderer.h">
      <Filter>Source Files\Util</Filter>
    </ClInclude>
    <ClInclude Include="..\Source\World\Scene.h">
      <Filter>Source Files\World</Filter>
    </ClInclude>
    <ClInclude Include="..\Source\Actors\Entity.h">
      <Filter>Source Files\Actors</Filter>
    </ClInclude>
    <ClInclude Include="..\Source\Actors\Geometry\Chunk.h">
      <Filter>Source Files\Actors\Geometry</Filter>
    </ClInclude>
    <ClInclude Include="..\Source\Camera\Camera.h">
      <Filter>Source Files\Camera</Filter>
    </ClInclude>
    <ClInclude Include="..\Source\Camera\ThirdPersonCamera.h">
      <Filter>Source Files\Camera</Filter>
    </ClInclude>
    <ClInclude Include="..\Source\Camera\GameplayCamera.h">
      <Filter>Source Files\Camera</Filter>
    </ClInclude>
    <ClInclude Include="..\Source\Util\EnemyFactory.h">
      <Filter>Source Files\Util</Filter>
    </ClInclude>
    <ClInclude Include="..\Source\Actors\Geometry\Cube.h">
      <Filter>Source Files\Actors\Geometry</Filter>
    </ClInclude>
    <ClInclude Include="..\Source\Graphics\Texture.h">
      <Filter>Source Files\Graphics</Filter>
    </ClInclude>
    <ClInclude Include="..\Source\Actors\Doodads\PewPew.h">
      <Filter>Source Files\Actors\Doodads</Filter>
    </ClInclude>
    <ClInclude Include="..\Source\Actors\Enemy\Enemy.h">
      <Filter>Source Files\Actors\Enemy</Filter>
    </ClInclude>
    <ClInclude Include="..\Source\Actors\Player\Arwing.h">
      <Filter>Source Files\Actors\Player</Filter>
    </ClInclude>
    <ClInclude Include="..\Source\Physics\Physics.h">
      <Filter>Source Files\Physics</Filter>
    </ClInclude>
    <ClInclude Include="..\Source\Actors\BuildingArchitecture\BuildingFactory.h">
      <Filter>Source Files\Actors\BuildingArchitecture</Filter>
    </ClInclude>
  </ItemGroup>
  <ItemGroup>
    <None Include="..\Source\Shaders\SolidColor.frag">
      <Filter>Source Files\Shaders</Filter>
    </None>
    <None Include="..\Source\Shaders\SolidColor.vert">
      <Filter>Source Files\Shaders</Filter>
    </None>
    <None Include="..\Source\Shaders\Gouraud.frag">
      <Filter>Source Files\Shaders</Filter>
    </None>
    <None Include="..\Source\Shaders\Gouraud.vert">
      <Filter>Source Files\Shaders</Filter>
    </None>
    <None Include="..\Source\Shaders\Textured.frag">
      <Filter>Source Files\Shaders</Filter>
    </None>
    <None Include="..\Source\Shaders\Textured.vert">
      <Filter>Source Files\Shaders</Filter>
    </None>
  </ItemGroup>
</Project>